
Microsoft Visual Studio Solution File, Format Version 12.00
# Visual Studio Version 17
VisualStudioVersion = 17.14.36414.22
MinimumVisualStudioVersion = 10.0.40219.1
Project("{FAE04EC0-301F-11D3-BF4B-00C04F79EFBC}") = "InventoryService", "InventoryService\InventoryService.csproj", "{AFA5B1B1-0A3A-41DB-A3D0-832F7A37A18F}"
EndProject
Project("{FAE04EC0-301F-11D3-BF4B-00C04F79EFBC}") = "ComplianceService", "ComplianceService\ComplianceService.csproj", "{20CBE5C7-4095-4092-9035-D261F3D1C521}"
EndProject
Project("{FAE04EC0-301F-11D3-BF4B-00C04F79EFBC}") = "ReportingService", "ReportingService\ReportingService.csproj", "{2B00E119-E9DF-40BA-B84F-527B843CF892}"
EndProject
Project("{FAE04EC0-301F-11D3-BF4B-00C04F79EFBC}") = "AuthService", "AuthService\AuthService.csproj", "{E08DA4BA-8682-4B67-AEF7-810DFC80333F}"
EndProject
Project("{FAE04EC0-301F-11D3-BF4B-00C04F79EFBC}") = "ApiGateway", "ApiGateway\ApiGateway.csproj", "{693B60F9-FA65-42AF-8EF3-CE59D891960A}"
EndProject
Project("{FAE04EC0-301F-11D3-BF4B-00C04F79EFBC}") = "MailService", "MailService\MailService.csproj", "{034B6277-952A-4774-BF3C-86A06E2417EB}"
EndProject
Project("{FAE04EC0-301F-11D3-BF4B-00C04F79EFBC}") = "Common.Logging", "Common.Logging\Common.Logging.csproj", "{897B8C36-2807-4679-BF41-475225C4695B}"
EndProject
Project("{FAE04EC0-301F-11D3-BF4B-00C04F79EFBC}") = "NotificationService", "NotificationService\NotificationService.csproj", "{8AB8FADE-06CE-4714-868B-D1E47DAA8793}"
EndProject
Project("{FAE04EC0-301F-11D3-BF4B-00C04F79EFBC}") = "RenewalService", "RenewalService\RenewalService.csproj", "{56FE070F-2510-42E2-9A09-242CC4A23F67}"
EndProject
Global
	GlobalSection(SolutionConfigurationPlatforms) = preSolution
		Debug|Any CPU = Debug|Any CPU
		Release|Any CPU = Release|Any CPU
	EndGlobalSection
	GlobalSection(ProjectConfigurationPlatforms) = postSolution
		{AFA5B1B1-0A3A-41DB-A3D0-832F7A37A18F}.Debug|Any CPU.ActiveCfg = Debug|Any CPU
		{AFA5B1B1-0A3A-41DB-A3D0-832F7A37A18F}.Debug|Any CPU.Build.0 = Debug|Any CPU
		{AFA5B1B1-0A3A-41DB-A3D0-832F7A37A18F}.Release|Any CPU.ActiveCfg = Release|Any CPU
		{AFA5B1B1-0A3A-41DB-A3D0-832F7A37A18F}.Release|Any CPU.Build.0 = Release|Any CPU
		{20CBE5C7-4095-4092-9035-D261F3D1C521}.Debug|Any CPU.ActiveCfg = Debug|Any CPU
		{20CBE5C7-4095-4092-9035-D261F3D1C521}.Debug|Any CPU.Build.0 = Debug|Any CPU
		{20CBE5C7-4095-4092-9035-D261F3D1C521}.Release|Any CPU.ActiveCfg = Release|Any CPU
		{20CBE5C7-4095-4092-9035-D261F3D1C521}.Release|Any CPU.Build.0 = Release|Any CPU
		{2B00E119-E9DF-40BA-B84F-527B843CF892}.Debug|Any CPU.ActiveCfg = Debug|Any CPU
		{2B00E119-E9DF-40BA-B84F-527B843CF892}.Debug|Any CPU.Build.0 = Debug|Any CPU
		{2B00E119-E9DF-40BA-B84F-527B843CF892}.Release|Any CPU.ActiveCfg = Release|Any CPU
		{2B00E119-E9DF-40BA-B84F-527B843CF892}.Release|Any CPU.Build.0 = Release|Any CPU
		{E08DA4BA-8682-4B67-AEF7-810DFC80333F}.Debug|Any CPU.ActiveCfg = Debug|Any CPU
		{E08DA4BA-8682-4B67-AEF7-810DFC80333F}.Debug|Any CPU.Build.0 = Debug|Any CPU
		{E08DA4BA-8682-4B67-AEF7-810DFC80333F}.Release|Any CPU.ActiveCfg = Release|Any CPU
		{E08DA4BA-8682-4B67-AEF7-810DFC80333F}.Release|Any CPU.Build.0 = Release|Any CPU
		{693B60F9-FA65-42AF-8EF3-CE59D891960A}.Debug|Any CPU.ActiveCfg = Debug|Any CPU
		{693B60F9-FA65-42AF-8EF3-CE59D891960A}.Debug|Any CPU.Build.0 = Debug|Any CPU
		{693B60F9-FA65-42AF-8EF3-CE59D891960A}.Release|Any CPU.ActiveCfg = Release|Any CPU
		{693B60F9-FA65-42AF-8EF3-CE59D891960A}.Release|Any CPU.Build.0 = Release|Any CPU
		{034B6277-952A-4774-BF3C-86A06E2417EB}.Debug|Any CPU.ActiveCfg = Debug|Any CPU
		{034B6277-952A-4774-BF3C-86A06E2417EB}.Debug|Any CPU.Build.0 = Debug|Any CPU
		{034B6277-952A-4774-BF3C-86A06E2417EB}.Release|Any CPU.ActiveCfg = Release|Any CPU
		{034B6277-952A-4774-BF3C-86A06E2417EB}.Release|Any CPU.Build.0 = Release|Any CPU
		{897B8C36-2807-4679-BF41-475225C4695B}.Debug|Any CPU.ActiveCfg = Debug|Any CPU
		{897B8C36-2807-4679-BF41-475225C4695B}.Debug|Any CPU.Build.0 = Debug|Any CPU
		{897B8C36-2807-4679-BF41-475225C4695B}.Release|Any CPU.ActiveCfg = Release|Any CPU
		{897B8C36-2807-4679-BF41-475225C4695B}.Release|Any CPU.Build.0 = Release|Any CPU
		{8AB8FADE-06CE-4714-868B-D1E47DAA8793}.Debug|Any CPU.ActiveCfg = Debug|Any CPU
		{8AB8FADE-06CE-4714-868B-D1E47DAA8793}.Debug|Any CPU.Build.0 = Debug|Any CPU
		{8AB8FADE-06CE-4714-868B-D1E47DAA8793}.Release|Any CPU.ActiveCfg = Release|Any CPU
		{8AB8FADE-06CE-4714-868B-D1E47DAA8793}.Release|Any CPU.Build.0 = Release|Any CPU
		{56FE070F-2510-42E2-9A09-242CC4A23F67}.Debug|Any CPU.ActiveCfg = Debug|Any CPU
		{56FE070F-2510-42E2-9A09-242CC4A23F67}.Debug|Any CPU.Build.0 = Debug|Any CPU
		{56FE070F-2510-42E2-9A09-242CC4A23F67}.Release|Any CPU.ActiveCfg = Release|Any CPU
		{56FE070F-2510-42E2-9A09-242CC4A23F67}.Release|Any CPU.Build.0 = Release|Any CPU
	EndGlobalSection
	GlobalSection(SolutionProperties) = preSolution
		HideSolutionNode = FALSE
	EndGlobalSection
	GlobalSection(ExtensibilityGlobals) = postSolution
		SolutionGuid = {C584A39A-F370-444B-9539-C34D4666CFE4}
	EndGlobalSection
EndGlobal
